
Microsoft Visual Studio Solution File, Format Version 12.00
# Visual Studio Version 17
VisualStudioVersion = 17.0.32112.339
MinimumVisualStudioVersion = 10.0.40219.1
Project("{FAE04EC0-301F-11D3-BF4B-00C04F79EFBC}") = "Forward.Teplov.TechTask", "Forward.Teplov.TechTask.Engine\Forward.Teplov.TechTask.csproj", "{DABEF851-1705-41F4-882C-0C62AFA2BB70}"
EndProject
Global
	GlobalSection(SolutionConfigurationPlatforms) = preSolution
		Debug|Any CPU = Debug|Any CPU
		Release|Any CPU = Release|Any CPU
	EndGlobalSection
	GlobalSection(ProjectConfigurationPlatforms) = postSolution
		{DABEF851-1705-41F4-882C-0C62AFA2BB70}.Debug|Any CPU.ActiveCfg = Debug|Any CPU
		{DABEF851-1705-41F4-882C-0C62AFA2BB70}.Debug|Any CPU.Build.0 = Debug|Any CPU
		{DABEF851-1705-41F4-882C-0C62AFA2BB70}.Release|Any CPU.ActiveCfg = Release|Any CPU
		{DABEF851-1705-41F4-882C-0C62AFA2BB70}.Release|Any CPU.Build.0 = Release|Any CPU
	EndGlobalSection
	GlobalSection(SolutionProperties) = preSolution
		HideSolutionNode = FALSE
	EndGlobalSection
	GlobalSection(ExtensibilityGlobals) = postSolution
		SolutionGuid = {7A8F1C60-44B9-42A1-B486-6C6A7BE932C5}
	EndGlobalSection
EndGlobal
